
Microsoft Visual Studio Solution File, Format Version 12.00
# Visual Studio Version 17
VisualStudioVersion = 17.6.33829.357
MinimumVisualStudioVersion = 10.0.40219.1
Project("{FAE04EC0-301F-11D3-BF4B-00C04F79EFBC}") = "PersonDatabaseApp", "PersonDatabaseApp.csproj", "{F1F912A4-75D1-4AD1-9C56-B287433F7EC2}"
EndProject
Global
	GlobalSection(SolutionConfigurationPlatforms) = preSolution
		Debug|Any CPU = Debug|Any CPU
		Release|Any CPU = Release|Any CPU
	EndGlobalSection
	GlobalSection(ProjectConfigurationPlatforms) = postSolution
		{F1F912A4-75D1-4AD1-9C56-B287433F7EC2}.Debug|Any CPU.ActiveCfg = Debug|Any CPU
		{F1F912A4-75D1-4AD1-9C56-B287433F7EC2}.Debug|Any CPU.Build.0 = Debug|Any CPU
		{F1F912A4-75D1-4AD1-9C56-B287433F7EC2}.Release|Any CPU.ActiveCfg = Release|Any CPU
		{F1F912A4-75D1-4AD1-9C56-B287433F7EC2}.Release|Any CPU.Build.0 = Release|Any CPU
	EndGlobalSection
	GlobalSection(SolutionProperties) = preSolution
		HideSolutionNode = FALSE
	EndGlobalSection
	GlobalSection(ExtensibilityGlobals) = postSolution
		SolutionGuid = {3ED532FE-2B90-4A84-8BD6-A8061AA14A67}
	EndGlobalSection
EndGlobal
